
Microsoft Visual Studio Solution File, Format Version 12.00
# Visual Studio Version 17
VisualStudioVersion = 17.8.34316.72
MinimumVisualStudioVersion = 10.0.40219.1
Project("{FAE04EC0-301F-11D3-BF4B-00C04F79EFBC}") = "ScapeCore.Core.Batching", "ScapeCore.Core.Batching.csproj", "{17767DD0-93DD-48FF-BB72-A96A29EDD8C5}"
EndProject
Global
	GlobalSection(SolutionConfigurationPlatforms) = preSolution
		Debug|Any CPU = Debug|Any CPU
		Release|Any CPU = Release|Any CPU
	EndGlobalSection
	GlobalSection(ProjectConfigurationPlatforms) = postSolution
		{17767DD0-93DD-48FF-BB72-A96A29EDD8C5}.Debug|Any CPU.ActiveCfg = Debug|Any CPU
		{17767DD0-93DD-48FF-BB72-A96A29EDD8C5}.Debug|Any CPU.Build.0 = Debug|Any CPU
		{17767DD0-93DD-48FF-BB72-A96A29EDD8C5}.Release|Any CPU.ActiveCfg = Release|Any CPU
		{17767DD0-93DD-48FF-BB72-A96A29EDD8C5}.Release|Any CPU.Build.0 = Release|Any CPU
	EndGlobalSection
	GlobalSection(SolutionProperties) = preSolution
		HideSolutionNode = FALSE
	EndGlobalSection
	GlobalSection(ExtensibilityGlobals) = postSolution
		SolutionGuid = {5BEEC505-D788-4F65-A9B5-3D450EDD0F76}
	EndGlobalSection
EndGlobal
